
Microsoft Visual Studio Solution File, Format Version 12.00
# Visual Studio Version 16
VisualStudioVersion = 16.0.29215.179
MinimumVisualStudioVersion = 10.0.40219.1
Project("{FAE04EC0-301F-11D3-BF4B-00C04F79EFBC}") = "Seiji_intro", "Seiji_intro\Seiji_intro.csproj", "{551860BB-D5BC-453F-8D42-483887498016}"
EndProject
Global
	GlobalSection(SolutionConfigurationPlatforms) = preSolution
		Debug|Any CPU = Debug|Any CPU
		Release|Any CPU = Release|Any CPU
	EndGlobalSection
	GlobalSection(ProjectConfigurationPlatforms) = postSolution
		{551860BB-D5BC-453F-8D42-483887498016}.Debug|Any CPU.ActiveCfg = Debug|Any CPU
		{551860BB-D5BC-453F-8D42-483887498016}.Debug|Any CPU.Build.0 = Debug|Any CPU
		{551860BB-D5BC-453F-8D42-483887498016}.Release|Any CPU.ActiveCfg = Release|Any CPU
		{551860BB-D5BC-453F-8D42-483887498016}.Release|Any CPU.Build.0 = Release|Any CPU
	EndGlobalSection
	GlobalSection(SolutionProperties) = preSolution
		HideSolutionNode = FALSE
	EndGlobalSection
	GlobalSection(ExtensibilityGlobals) = postSolution
		SolutionGuid = {C1CD7931-A56D-4E92-B232-D4F0F2D311F0}
	EndGlobalSection
EndGlobal
